// !$*UTF8*$!
{
	archiveVersion = 1;
	classes = {
	};
	objectVersion = 51;
	objects = {

/* Begin PBXBuildFile section */
		0496BECC2423371E004AC89B /* DBManager.swift in Sources */ = {isa = PBXBuildFile; fileRef = 0496BECB2423371E004AC89B /* DBManager.swift */; };
		04AE8C1D24232BCD00D84E63 /* AppDelegate.swift in Sources */ = {isa = PBXBuildFile; fileRef = 04AE8C1C24232BCD00D84E63 /* AppDelegate.swift */; };
		04AE8C1F24232BCD00D84E63 /* SceneDelegate.swift in Sources */ = {isa = PBXBuildFile; fileRef = 04AE8C1E24232BCD00D84E63 /* SceneDelegate.swift */; };
		04AE8C2124232BCD00D84E63 /* ViewController.swift in Sources */ = {isa = PBXBuildFile; fileRef = 04AE8C2024232BCD00D84E63 /* ViewController.swift */; };
		04AE8C2424232BCD00D84E63 /* Main.storyboard in Resources */ = {isa = PBXBuildFile; fileRef = 04AE8C2224232BCD00D84E63 /* Main.storyboard */; };
		04AE8C2624232BCE00D84E63 /* Assets.xcassets in Resources */ = {isa = PBXBuildFile; fileRef = 04AE8C2524232BCE00D84E63 /* Assets.xcassets */; };
		04AE8C2924232BCE00D84E63 /* LaunchScreen.storyboard in Resources */ = {isa = PBXBuildFile; fileRef = 04AE8C2724232BCE00D84E63 /* LaunchScreen.storyboard */; };
		04AE8C3124232C9300D84E63 /* Model.swift in Sources */ = {isa = PBXBuildFile; fileRef = 04AE8C3024232C9300D84E63 /* Model.swift */; };
		14D8621677D0DC2E0C0462E9 /* Pods_RealmDemo.framework in Frameworks */ = {isa = PBXBuildFile; fileRef = 5CD254F6C4C4949432603ABA /* Pods_RealmDemo.framework */; };
/* End PBXBuildFile section */

/* Begin PBXFileReference section */
		0496BECB2423371E004AC89B /* DBManager.swift */ = {isa = PBXFileReference; lastKnownFileType = sourcecode.swift; path = DBManager.swift; sourceTree = "<group>"; };
		04AE8C1924232BCD00D84E63 /* RealmDemo.app */ = {isa = PBXFileReference; explicitFileType = wrapper.application; includeInIndex = 0; path = RealmDemo.app; sourceTree = BUILT_PRODUCTS_DIR; };
		04AE8C1C24232BCD00D84E63 /* AppDelegate.swift */ = {isa = PBXFileReference; lastKnownFileType = sourcecode.swift; path = AppDelegate.swift; sourceTree = "<group>"; };
		04AE8C1E24232BCD00D84E63 /* SceneDelegate.swift */ = {isa = PBXFileReference; lastKnownFileType = sourcecode.swift; path = SceneDelegate.swift; sourceTree = "<group>"; };
		04AE8C2024232BCD00D84E63 /* ViewController.swift */ = {isa = PBXFileReference; lastKnownFileType = sourcecode.swift; path = ViewController.swift; sourceTree = "<group>"; };
		04AE8C2324232BCD00D84E63 /* Base */ = {isa = PBXFileReference; lastKnownFileType = file.storyboard; name = Base; path = Base.lproj/Main.storyboard; sourceTree = "<group>"; };
		04AE8C2524232BCE00D84E63 /* Assets.xcassets */ = {isa = PBXFileReference; lastKnownFileType = folder.assetcatalog; path = Assets.xcassets; sourceTree = "<group>"; };
		04AE8C2824232BCE00D84E63 /* Base */ = {isa = PBXFileReference; lastKnownFileType = file.storyboard; name = Base; path = Base.lproj/LaunchScreen.storyboard; sourceTree = "<group>"; };
		04AE8C2A24232BCE00D84E63 /* Info.plist */ = {isa = PBXFileReference; lastKnownFileType = text.plist.xml; path = Info.plist; sourceTree = "<group>"; };
		04AE8C3024232C9300D84E63 /* Model.swift */ = {isa = PBXFileReference; lastKnownFileType = sourcecode.swift; path = Model.swift; sourceTree = "<group>"; };
		5CD254F6C4C4949432603ABA /* Pods_RealmDemo.framework */ = {isa = PBXFileReference; explicitFileType = wrapper.framework; includeInIndex = 0; path = Pods_RealmDemo.framework; sourceTree = BUILT_PRODUCTS_DIR; };
		75848341D10A054C6D1A4424 /* Pods-RealmDemo.debug.xcconfig */ = {isa = PBXFileReference; includeInIndex = 1; lastKnownFileType = text.xcconfig; name = "Pods-RealmDemo.debug.xcconfig"; path = "Target Support Files/Pods-RealmDemo/Pods-RealmDemo.debug.xcconfig"; sourceTree = "<group>"; };
		7AEE3A2BD720FA9557235C03 /* Pods-RealmDemo.release.xcconfig */ = {isa = PBXFileReference; includeInIndex = 1; lastKnownFileType = text.xcconfig; name = "Pods-RealmDemo.release.xcconfig"; path = "Target Support Files/Pods-RealmDemo/Pods-RealmDemo.release.xcconfig"; sourceTree = "<group>"; };
/* End PBXFileReference section */

/* Begin PBXFrameworksBuildPhase section */
		04AE8C1624232BCD00D84E63 /* Frameworks */ = {
			isa = PBXFrameworksBuildPhase;
			buildActionMask = 2147483647;
			files = (
				14D8621677D0DC2E0C0462E9 /* Pods_RealmDemo.framework in Frameworks */,
			);
			runOnlyForDeploymentPostprocessing = 0;
		};
/* End PBXFrameworksBuildPhase section */

/* Begin PBXGroup section */
		04AE8C1024232BCD00D84E63 = {
			isa = PBXGroup;
			children = (
				04AE8C1B24232BCD00D84E63 /* RealmDemo */,
				04AE8C1A24232BCD00D84E63 /* Products */,
				DA3A67036AC9EF8ED3B62ED2 /* Pods */,
				DB0300D298B14E1E73A6BCF8 /* Frameworks */,
			);
			sourceTree = "<group>";
		};
		04AE8C1A24232BCD00D84E63 /* Products */ = {
			isa = PBXGroup;
			children = (
				04AE8C1924232BCD00D84E63 /* RealmDemo.app */,
			);
			name = Products;
			sourceTree = "<group>";
		};
		04AE8C1B24232BCD00D84E63 /* RealmDemo */ = {
			isa = PBXGroup;
			children = (
				04AE8C1C24232BCD00D84E63 /* AppDelegate.swift */,
				04AE8C1E24232BCD00D84E63 /* SceneDelegate.swift */,
				04AE8C2024232BCD00D84E63 /* ViewController.swift */,
				04AE8C2224232BCD00D84E63 /* Main.storyboard */,
				04AE8C2524232BCE00D84E63 /* Assets.xcassets */,
				04AE8C2724232BCE00D84E63 /* LaunchScreen.storyboard */,
				04AE8C2A24232BCE00D84E63 /* Info.plist */,
				04AE8C3024232C9300D84E63 /* Model.swift */,
				0496BECB2423371E004AC89B /* DBManager.swift */,
			);
			path = RealmDemo;
			sourceTree = "<group>";
		};
		DA3A67036AC9EF8ED3B62ED2 /* Pods */ = {
			isa = PBXGroup;
			children = (
				75848341D10A054C6D1A4424 /* Pods-RealmDemo.debug.xcconfig */,
				7AEE3A2BD720FA9557235C03 /* Pods-RealmDemo.release.xcconfig */,
			);
			path = Pods;
			sourceTree = "<group>";
		};
		DB0300D298B14E1E73A6BCF8 /* Frameworks */ = {
			isa = PBXGroup;
			children = (
				5CD254F6C4C4949432603ABA /* Pods_RealmDemo.framework */,
			);
			name = Frameworks;
			sourceTree = "<group>";
		};
/* End PBXGroup section */

/* Begin PBXNativeTarget section */
		04AE8C1824232BCD00D84E63 /* RealmDemo */ = {
			isa = PBXNativeTarget;
			buildConfigurationList = 04AE8C2D24232BCE00D84E63 /* Build configuration list for PBXNativeTarget "RealmDemo" */;
			buildPhases = (
				1A5727FA6257AC163E332B2A /* [CP] Check Pods Manifest.lock */,
				04AE8C1524232BCD00D84E63 /* Sources */,
				04AE8C1624232BCD00D84E63 /* Frameworks */,
				04AE8C1724232BCD00D84E63 /* Resources */,
				5272D73E0C5C65030C836A02 /* [CP] Embed Pods Frameworks */,
			);
			buildRules = (
			);
			dependencies = (
			);
			name = RealmDemo;
			productName = RealmDemo;
			productReference = 04AE8C1924232BCD00D84E63 /* RealmDemo.app */;
			productType = "com.apple.product-type.application";
		};
/* End PBXNativeTarget section */

/* Begin PBXProject section */
		04AE8C1124232BCD00D84E63 /* Project object */ = {
			isa = PBXProject;
			attributes = {
				LastSwiftUpdateCheck = 1130;
				LastUpgradeCheck = 1130;
				ORGANIZATIONNAME = Quynh;
				TargetAttributes = {
					04AE8C1824232BCD00D84E63 = {
						CreatedOnToolsVersion = 11.3.1;
					};
				};
			};
			buildConfigurationList = 04AE8C1424232BCD00D84E63 /* Build configuration list for PBXProject "RealmDemo" */;
			compatibilityVersion = "Xcode 9.3";
			developmentRegion = en;
			hasScannedForEncodings = 0;
			knownRegions = (
				en,
				Base,
			);
			mainGroup = 04AE8C1024232BCD00D84E63;
			productRefGroup = 04AE8C1A24232BCD00D84E63 /* Products */;
			projectDirPath = "";
			projectRoot = "";
			targets = (
				04AE8C1824232BCD00D84E63 /* RealmDemo */,
			);
		};
/* End PBXProject section */

/* Begin PBXResourcesBuildPhase section */
		04AE8C1724232BCD00D84E63 /* Resources */ = {
			isa = PBXResourcesBuildPhase;
			buildActionMask = 2147483647;
			files = (
				04AE8C2924232BCE00D84E63 /* LaunchScreen.storyboard in Resources */,
				04AE8C2624232BCE00D84E63 /* Assets.xcassets in Resources */,
				04AE8C2424232BCD00D84E63 /* Main.storyboard in Resources */,
			);
			runOnlyForDeploymentPostprocessing = 0;
		};
/* End PBXResourcesBuildPhase section */

/* Begin PBXShellScriptBuildPhase section */
		1A5727FA6257AC163E332B2A /* [CP] Check Pods Manifest.lock */ = {
			isa = PBXShellScriptBuildPhase;
			buildActionMask = 2147483647;
			files = (
			);
			inputFileListPaths = (
			);
			inputPaths = (
				"${PODS_PODFILE_DIR_PATH}/Podfile.lock",
				"${PODS_ROOT}/Manifest.lock",
			);
			name = "[CP] Check Pods Manifest.lock";
			outputFileListPaths = (
			);
			outputPaths = (
				"$(DERIVED_FILE_DIR)/Pods-RealmDemo-checkManifestLockResult.txt",
			);
			runOnlyForDeploymentPostprocessing = 0;
			shellPath = /bin/sh;
			shellScript = "diff \"${PODS_PODFILE_DIR_PATH}/Podfile.lock\" \"${PODS_ROOT}/Manifest.lock\" > /dev/null\nif [ $? != 0 ] ; then\n    # print error to STDERR\n    echo \"error: The sandbox is not in sync with the Podfile.lock. Run 'pod install' or update your CocoaPods installation.\" >&2\n    exit 1\nfi\n# This output is used by Xcode 'outputs' to avoid re-running this script phase.\necho \"SUCCESS\" > \"${SCRIPT_OUTPUT_FILE_0}\"\n";
			showEnvVarsInLog = 0;
		};
		5272D73E0C5C65030C836A02 /* [CP] Embed Pods Frameworks */ = {
			isa = PBXShellScriptBuildPhase;
			buildActionMask = 2147483647;
			files = (
			);
			inputFileListPaths = (
				"${PODS_ROOT}/Target Support Files/Pods-RealmDemo/Pods-RealmDemo-frameworks-${CONFIGURATION}-input-files.xcfilelist",
			);
			name = "[CP] Embed Pods Frameworks";
			outputFileListPaths = (
				"${PODS_ROOT}/Target Support Files/Pods-RealmDemo/Pods-RealmDemo-frameworks-${CONFIGURATION}-output-files.xcfilelist",
			);
			runOnlyForDeploymentPostprocessing = 0;
			shellPath = /bin/sh;
			shellScript = "\"${PODS_ROOT}/Target Support Files/Pods-RealmDemo/Pods-RealmDemo-frameworks.sh\"\n";
			showEnvVarsInLog = 0;
		};
/* End PBXShellScriptBuildPhase section */

/* Begin PBXSourcesBuildPhase section */
		04AE8C1524232BCD00D84E63 /* Sources */ = {
			isa = PBXSourcesBuildPhase;
			buildActionMask = 2147483647;
			files = (
				0496BECC2423371E004AC89B /* DBManager.swift in Sources */,
				04AE8C2124232BCD00D84E63 /* ViewController.swift in Sources */,
				04AE8C1D24232BCD00D84E63 /* AppDelegate.swift in Sources */,
				04AE8C1F24232BCD00D84E63 /* SceneDelegate.swift in Sources */,
				04AE8C3124232C9300D84E63 /* Model.swift in Sources */,
			);
			runOnlyForDeploymentPostprocessing = 0;
		};
/* End PBXSourcesBuildPhase section */

/* Begin PBXVariantGroup section */
		04AE8C2224232BCD00D84E63 /* Main.storyboard */ = {
			isa = PBXVariantGroup;
			children = (
				04AE8C2324232BCD00D84E63 /* Base */,
			);
			name = Main.storyboard;
			sourceTree = "<group>";
		};
		04AE8C2724232BCE00D84E63 /* LaunchScreen.storyboard */ = {
			isa = PBXVariantGroup;
			children = (
				04AE8C2824232BCE00D84E63 /* Base */,
			);
			name = LaunchScreen.storyboard;
			sourceTree = "<group>";
		};
/* End PBXVariantGroup section */

/* Begin XCBuildConfiguration section */
		04AE8C2B24232BCE00D84E63 /* Debug */ = {
			isa = XCBuildConfiguration;
			buildSettings = {
				ALWAYS_SEARCH_USER_PATHS = NO;
				CLANG_ANALYZER_NONNULL = YES;
				CLANG_ANALYZER_NUMBER_OBJECT_CONVERSION = YES_AGGRESSIVE;
				CLANG_CXX_LANGUAGE_STANDARD = "gnu++14";
				CLANG_CXX_LIBRARY = "libc++";
				CLANG_ENABLE_MODULES = YES;
				CLANG_ENABLE_OBJC_ARC = YES;
				CLANG_ENABLE_OBJC_WEAK = YES;
				CLANG_WARN_BLOCK_CAPTURE_AUTORELEASING = YES;
				CLANG_WARN_BOOL_CONVERSION = YES;
				CLANG_WARN_COMMA = YES;
				CLANG_WARN_CONSTANT_CONVERSION = YES;
				CLANG_WARN_DEPRECATED_OBJC_IMPLEMENTATIONS = YES;
				CLANG_WARN_DIRECT_OBJC_ISA_USAGE = YES_ERROR;
				CLANG_WARN_DOCUMENTATION_COMMENTS = YES;
				CLANG_WARN_EMPTY_BODY = YES;
				CLANG_WARN_ENUM_CONVERSION = YES;
				CLANG_WARN_INFINITE_RECURSION = YES;
				CLANG_WARN_INT_CONVERSION = YES;
				CLANG_WARN_NON_LITERAL_NULL_CONVERSION = YES;
				CLANG_WARN_OBJC_IMPLICIT_RETAIN_SELF = YES;
				CLANG_WARN_OBJC_LITERAL_CONVERSION = YES;
				CLANG_WARN_OBJC_ROOT_CLASS = YES_ERROR;
				CLANG_WARN_RANGE_LOOP_ANALYSIS = YES;
				CLANG_WARN_STRICT_PROTOTYPES = YES;
				CLANG_WARN_SUSPICIOUS_MOVE = YES;
				CLANG_WARN_UNGUARDED_AVAILABILITY = YES_AGGRESSIVE;
				CLANG_WARN_UNREACHABLE_CODE = YES;
				CLANG_WARN__DUPLICATE_METHOD_MATCH = YES;
				COPY_PHASE_STRIP = NO;
				DEBUG_INFORMATION_FORMAT = dwarf;
				ENABLE_STRICT_OBJC_MSGSEND = YES;
				ENABLE_TESTABILITY = YES;
				GCC_C_LANGUAGE_STANDARD = gnu11;
				GCC_DYNAMIC_NO_PIC = NO;
				GCC_NO_COMMON_BLOCKS = YES;
				GCC_OPTIMIZATION_LEVEL = 0;
				GCC_PREPROCESSOR_DEFINITIONS = (
					"DEBUG=1",
					"$(inherited)",
				);
				GCC_WARN_64_TO_32_BIT_CONVERSION = YES;
				GCC_WARN_ABOUT_RETURN_TYPE = YES_ERROR;
				GCC_WARN_UNDECLARED_SELECTOR = YES;
				GCC_WARN_UNINITIALIZED_AUTOS = YES_AGGRESSIVE;
				GCC_WARN_UNUSED_FUNCTION = YES;
				GCC_WARN_UNUSED_VARIABLE = YES;
				IPHONEOS_DEPLOYMENT_TARGET = 13.2;
				MTL_ENABLE_DEBUG_INFO = INCLUDE_SOURCE;
				MTL_FAST_MATH = YES;
				ONLY_ACTIVE_ARCH = YES;
				SDKROOT = iphoneos;
				SWIFT_ACTIVE_COMPILATION_CONDITIONS = DEBUG;
				SWIFT_OPTIMIZATION_LEVEL = "-Onone";
			};
			name = Debug;
		};
		04AE8C2C24232BCE00D84E63 /* Release */ = {
			isa = XCBuildConfiguration;
			buildSettings = {
				ALWAYS_SEARCH_USER_PATHS = NO;
				CLANG_ANALYZER_NONNULL = YES;
				CLANG_ANALYZER_NUMBER_OBJECT_CONVERSION = YES_AGGRESSIVE;
				CLANG_CXX_LANGUAGE_STANDARD = "gnu++14";
				CLANG_CXX_LIBRARY = "libc++";
				CLANG_ENABLE_MODULES = YES;
				CLANG_ENABLE_OBJC_ARC = YES;
				CLANG_ENABLE_OBJC_WEAK = YES;
				CLANG_WARN_BLOCK_CAPTURE_AUTORELEASING = YES;
				CLANG_WARN_BOOL_CONVERSION = YES;
				CLANG_WARN_COMMA = YES;
				CLANG_WARN_CONSTANT_CONVERSION = YES;
				CLANG_WARN_DEPRECATED_OBJC_IMPLEMENTATIONS = YES;
				CLANG_WARN_DIRECT_OBJC_ISA_USAGE = YES_ERROR;
				CLANG_WARN_DOCUMENTATION_COMMENTS = YES;
				CLANG_WARN_EMPTY_BODY = YES;
				CLANG_WARN_ENUM_CONVERSION = YES;
				CLANG_WARN_INFINITE_RECURSION = YES;
				CLANG_WARN_INT_CONVERSION = YES;
				CLANG_WARN_NON_LITERAL_NULL_CONVERSION = YES;
				CLANG_WARN_OBJC_IMPLICIT_RETAIN_SELF = YES;
				CLANG_WARN_OBJC_LITERAL_CONVERSION = YES;
				CLANG_WARN_OBJC_ROOT_CLASS = YES_ERROR;
				CLANG_WARN_RANGE_LOOP_ANALYSIS = YES;
				CLANG_WARN_STRICT_PROTOTYPES = YES;
				CLANG_WARN_SUSPICIOUS_MOVE = YES;
				CLANG_WARN_UNGUARDED_AVAILABILITY = YES_AGGRESSIVE;
				CLANG_WARN_UNREACHABLE_CODE = YES;
				CLANG_WARN__DUPLICATE_METHOD_MATCH = YES;
				COPY_PHASE_STRIP = NO;
				DEBUG_INFORMATION_FORMAT = "dwarf-with-dsym";
				ENABLE_NS_ASSERTIONS = NO;
				ENABLE_STRICT_OBJC_MSGSEND = YES;
				GCC_C_LANGUAGE_STANDARD = gnu11;
				GCC_NO_COMMON_BLOCKS = YES;
				GCC_WARN_64_TO_32_BIT_CONVERSION = YES;
				GCC_WARN_ABOUT_RETURN_TYPE = YES_ERROR;
				GCC_WARN_UNDECLARED_SELECTOR = YES;
				GCC_WARN_UNINITIALIZED_AUTOS = YES_AGGRESSIVE;
				GCC_WARN_UNUSED_FUNCTION = YES;
				GCC_WARN_UNUSED_VARIABLE = YES;
				IPHONEOS_DEPLOYMENT_TARGET = 13.2;
				MTL_ENABLE_DEBUG_INFO = NO;
				MTL_FAST_MATH = YES;
				SDKROOT = iphoneos;
				SWIFT_COMPILATION_MODE = wholemodule;
				SWIFT_OPTIMIZATION_LEVEL = "-O";
				VALIDATE_PRODUCT = YES;
			};
			name = Release;
		};
		04AE8C2E24232BCE00D84E63 /* Debug */ = {
			isa = XCBuildConfiguration;
			baseConfigurationReference = 75848341D10A054C6D1A4424 /* Pods-RealmDemo.debug.xcconfig */;
			buildSettings = {
				ASSETCATALOG_COMPILER_APPICON_NAME = AppIcon;
				CODE_SIGN_STYLE = Automatic;
				INFOPLIST_FILE = RealmDemo/Info.plist;
				LD_RUNPATH_SEARCH_PATHS = (
					"$(inherited)",
					"@executable_path/Frameworks",
				);
				PRODUCT_BUNDLE_IDENTIFIER = com.taoquynh.RealmDemo;
				PRODUCT_NAME = "$(TARGET_NAME)";
				SWIFT_VERSION = 5.0;
				TARGETED_DEVICE_FAMILY = "1,2";
			};
			name = Debug;
		};
		04AE8C2F24232BCE00D84E63 /* Release */ = {
			isa = XCBuildConfiguration;
			baseConfigurationReference = 7AEE3A2BD720FA9557235C03 /* Pods-RealmDemo.release.xcconfig */;
			buildSettings = {
				ASSETCATALOG_COMPILER_APPICON_NAME = AppIcon;
				CODE_SIGN_STYLE = Automatic;
				INFOPLIST_FILE = RealmDemo/Info.plist;
				LD_RUNPATH_SEARCH_PATHS = (
					"$(inherited)",
					"@executable_path/Frameworks",
				);
				PRODUCT_BUNDLE_IDENTIFIER = com.taoquynh.RealmDemo;
				PRODUCT_NAME = "$(TARGET_NAME)";
				SWIFT_VERSION = 5.0;
				TARGETED_DEVICE_FAMILY = "1,2";
			};
			name = Release;
		};
/* End XCBuildConfiguration section */

/* Begin XCConfigurationList section */
		04AE8C1424232BCD00D84E63 /* Build configuration list for PBXProject "RealmDemo" */ = {
			isa = XCConfigurationList;
			buildConfigurations = (
				04AE8C2B24232BCE00D84E63 /* Debug */,
				04AE8C2C24232BCE00D84E63 /* Release */,
			);
			defaultConfigurationIsVisible = 0;
			defaultConfigurationName = Release;
		};
		04AE8C2D24232BCE00D84E63 /* Build configuration list for PBXNativeTarget "RealmDemo" */ = {
			isa = XCConfigurationList;
			buildConfigurations = (
				04AE8C2E24232BCE00D84E63 /* Debug */,
				04AE8C2F24232BCE00D84E63 /* Release */,
			);
			defaultConfigurationIsVisible = 0;
			defaultConfigurationName = Release;
		};
/* End XCConfigurationList section */
	};
	rootObject = 04AE8C1124232BCD00D84E63 /* Project object */;
}
